
Microsoft Visual Studio Solution File, Format Version 12.00
# Visual Studio Version 17
VisualStudioVersion = 17.10.35004.147
MinimumVisualStudioVersion = 10.0.40219.1
Project("{9A19103F-16F7-4668-BE54-9A1E7A4F7556}") = "SmartHint_WebAPI", "SmartHint_WebAPI\SmartHint_WebAPI.csproj", "{B8F7A204-6A85-48CF-BCE4-8082A80080A0}"
EndProject
Project("{FAE04EC0-301F-11D3-BF4B-00C04F79EFBC}") = "SmartHint_Tests", "SmartHint_Tests\SmartHint_Tests.csproj", "{55BD9B8E-3DFD-4603-A66D-5BFA66CF89EB}"
EndProject
Global
	GlobalSection(SolutionConfigurationPlatforms) = preSolution
		Debug|Any CPU = Debug|Any CPU
		Release|Any CPU = Release|Any CPU
	EndGlobalSection
	GlobalSection(ProjectConfigurationPlatforms) = postSolution
		{B8F7A204-6A85-48CF-BCE4-8082A80080A0}.Debug|Any CPU.ActiveCfg = Debug|Any CPU
		{B8F7A204-6A85-48CF-BCE4-8082A80080A0}.Debug|Any CPU.Build.0 = Debug|Any CPU
		{B8F7A204-6A85-48CF-BCE4-8082A80080A0}.Release|Any CPU.ActiveCfg = Release|Any CPU
		{B8F7A204-6A85-48CF-BCE4-8082A80080A0}.Release|Any CPU.Build.0 = Release|Any CPU
		{55BD9B8E-3DFD-4603-A66D-5BFA66CF89EB}.Debug|Any CPU.ActiveCfg = Debug|Any CPU
		{55BD9B8E-3DFD-4603-A66D-5BFA66CF89EB}.Debug|Any CPU.Build.0 = Debug|Any CPU
		{55BD9B8E-3DFD-4603-A66D-5BFA66CF89EB}.Release|Any CPU.ActiveCfg = Release|Any CPU
		{55BD9B8E-3DFD-4603-A66D-5BFA66CF89EB}.Release|Any CPU.Build.0 = Release|Any CPU
	EndGlobalSection
	GlobalSection(SolutionProperties) = preSolution
		HideSolutionNode = FALSE
	EndGlobalSection
	GlobalSection(ExtensibilityGlobals) = postSolution
		SolutionGuid = {0F447F12-15B1-4EED-A779-188B150ECF29}
	EndGlobalSection
EndGlobal
